{
  "version": 4,
  "terraform_version": "1.5.1",
  "serial": 2226,
  "lineage": "27272bc9-ff97-baec-daa4-3e28448c3df4",
  "outputs": {},
  "resources": [
    {
      "mode": "data",
      "type": "archive_file",
      "name": "ingestion_lambda",
      "provider": "provider[\"registry.terraform.io/hashicorp/archive\"]",
      "instances": [
        {
          "schema_version": 0,
          "attributes": {
            "exclude_symlink_directories": null,
            "excludes": null,
            "id": "7108b50d263a944192517653aaeaacc23d5cb127",
            "output_base64sha256": "XEukT/W+avCar1X1lN+bcSZtcPt+7r75kTMtfFFiqIg=",
            "output_base64sha512": "TjPcv9/pJby0Q4XvN1rTGqI4tiQp6yofLSKZrW35pmzuGxdCmWPkSur3YvErgYgoZG1bHfi+JYOZTN78cyf/0w==",
            "output_file_mode": null,
            "output_md5": "10e1cd4c4328be2feeef4f120d15c6e8",
            "output_path": "./../ingestion_function.zip",
            "output_sha": "7108b50d263a944192517653aaeaacc23d5cb127",
            "output_sha256": "5c4ba44ff5be6af09aaf55f594df9b71266d70fb7eeebef991332d7c5162a888",
            "output_sha512": "4e33dcbfdfe925bcb44385ef375ad31aa238b62429eb2a1f2d2299ad6df9a66cee1b17429963e44aeaf762f12b818828646d5b1df8be2583994cdefc7327ffd3",
            "output_size": 15361,
            "source": [],
            "source_content": null,
            "source_content_filename": null,
            "source_dir": "./../deployment/ingestion_function",
            "source_file": null,
            "type": "zip"
          },
          "sensitive_attributes": []
        }
      ]
    },
    {
      "mode": "data",
      "type": "archive_file",
      "name": "transform_lambda",
      "provider": "provider[\"registry.terraform.io/hashicorp/archive\"]",
      "instances": [
        {
          "schema_version": 0,
          "attributes": {
            "exclude_symlink_directories": null,
            "excludes": null,
            "id": "0a9ad4d7424362784dd69113a24be200a9fc4663",
            "output_base64sha256": "dlby7aIcGDCiSFUwxTp9c5eF4SyTeQOHxnviGvhi/iM=",
            "output_base64sha512": "9A2j1ezc1vnEejYtztea/ddLI1TYzLGV5e6DyREYxOx9/MIAikNHKlq32yq9KXnBIyIdWoTC2J2TvBvycA/zdA==",
            "output_file_mode": null,
            "output_md5": "9cee43bacd33b3508c74f54a7338b926",
            "output_path": "./../transformation_function.zip",
            "output_sha": "0a9ad4d7424362784dd69113a24be200a9fc4663",
            "output_sha256": "7656f2eda21c1830a2485530c53a7d739785e12c93790387c67be21af862fe23",
            "output_sha512": "f40da3d5ecdcd6f9c47a362dced79afdd74b2354d8ccb195e5ee83c91118c4ec7dfcc2008a43472a5ab7db2abd2979c123221d5a84c2d89d93bc1bf2700ff374",
            "output_size": 5027738,
            "source": [],
            "source_content": null,
            "source_content_filename": null,
            "source_dir": "./../deployment/transformation_function/unzipped/fp_v3.10",
            "source_file": null,
            "type": "zip"
          },
          "sensitive_attributes": []
        }
      ]
    },
    {
      "mode": "data",
      "type": "archive_file",
      "name": "warehouse_lambda",
      "provider": "provider[\"registry.terraform.io/hashicorp/archive\"]",
      "instances": [
        {
          "schema_version": 0,
          "attributes": {
            "exclude_symlink_directories": null,
            "excludes": null,
            "id": "dedf5e6b6ee58ab7bdd206e81984ef9920491fcc",
            "output_base64sha256": "dEueOdLz18MgabuUgJwBE7AmNASBc6wNfHjdSj8kQQM=",
            "output_base64sha512": "Ft/zQ/WPP/1qkcFA/ZcwPXvw8Qb1DLc0r1xm6Sdz8k0rhoSUqdxy2tHW0Lf8HwtrwZn+84dA+UhG5AfFehfthg==",
            "output_file_mode": null,
            "output_md5": "10f6b24337cfa84c957760c6e5644c00",
            "output_path": "./../loading_function.zip",
            "output_sha": "dedf5e6b6ee58ab7bdd206e81984ef9920491fcc",
            "output_sha256": "744b9e39d2f3d7c32069bb94809c0113b02634048173ac0d7c78dd4a3f244103",
            "output_sha512": "16dff343f58f3ffd6a91c140fd97303d7bf0f106f50cb734af5c66e92773f24d2b868494a9dc72dad1d6d0b7fc1f0b6bc199fef38740f94846e407c57a17ed86",
            "output_size": 5017470,
            "source": [],
            "source_content": null,
            "source_content_filename": null,
            "source_dir": "./../deployment/loading_function/src/fp_v3.10",
            "source_file": null,
            "type": "zip"
          },
          "sensitive_attributes": []
        }
      ]
    },
    {
      "mode": "data",
      "type": "aws_caller_identity",
      "name": "current",
      "provider": "provider[\"registry.terraform.io/hashicorp/aws\"]",
      "instances": [
        {
          "schema_version": 0,
          "attributes": {
            "account_id": "170940005209",
            "arn": "arn:aws:iam::170940005209:user/mickfay",
            "id": "170940005209",
            "user_id": "AIDASPTGRPNMZ5ASZF65K"
          },
          "sensitive_attributes": []
        }
      ]
    },
    {
      "mode": "data",
      "type": "aws_iam_policy_document",
      "name": "ingestion_assume_role",
      "provider": "provider[\"registry.terraform.io/hashicorp/aws\"]",
      "instances": [
        {
          "schema_version": 0,
          "attributes": {
            "id": "2690255455",
            "json": "{\n  \"Version\": \"2012-10-17\",\n  \"Statement\": [\n    {\n      \"Effect\": \"Allow\",\n      \"Action\": \"sts:AssumeRole\",\n      \"Principal\": {\n        \"Service\": \"lambda.amazonaws.com\"\n      }\n    }\n  ]\n}",
            "override_policy_documents": null,
            "policy_id": null,
            "source_policy_documents": null,
            "statement": [
              {
                "actions": [
                  "sts:AssumeRole"
                ],
                "condition": [],
                "effect": "Allow",
                "not_actions": [],
                "not_principals": [],
                "not_resources": [],
                "principals": [
                  {
                    "identifiers": [
                      "lambda.amazonaws.com"
                    ],
                    "type": "Service"
                  }
                ],
                "resources": [],
                "sid": ""
              }
            ],
            "version": "2012-10-17"
          },
          "sensitive_attributes": []
        }
      ]
    },
    {
      "mode": "data",
      "type": "aws_iam_policy_document",
      "name": "ingestion_cw_document",
      "provider": "provider[\"registry.terraform.io/hashicorp/aws\"]",
      "instances": [
        {
          "schema_version": 0,
          "attributes": {
            "id": "898247267",
            "json": "{\n  \"Version\": \"2012-10-17\",\n  \"Statement\": [\n    {\n      \"Effect\": \"Allow\",\n      \"Action\": [\n        \"logs:PutLogEvents\",\n        \"logs:CreateLogStream\"\n      ],\n      \"Resource\": \"arn:aws:logs:eu-west-2:170940005209:/aws/lambda/ingest-sql-totes:*\"\n    }\n  ]\n}",
            "override_policy_documents": null,
            "policy_id": null,
            "source_policy_documents": null,
            "statement": [
              {
                "actions": [
                  "logs:CreateLogStream",
                  "logs:PutLogEvents"
                ],
                "condition": [],
                "effect": "Allow",
                "not_actions": [],
                "not_principals": [],
                "not_resources": [],
                "principals": [],
                "resources": [
                  "arn:aws:logs:eu-west-2:170940005209:/aws/lambda/ingest-sql-totes:*"
                ],
                "sid": ""
              }
            ],
            "version": "2012-10-17"
          },
          "sensitive_attributes": []
        }
      ]
    },
    {
      "mode": "data",
      "type": "aws_iam_policy_document",
      "name": "loading_assume_role",
      "provider": "provider[\"registry.terraform.io/hashicorp/aws\"]",
      "instances": [
        {
          "schema_version": 0,
          "attributes": {
            "id": "2690255455",
            "json": "{\n  \"Version\": \"2012-10-17\",\n  \"Statement\": [\n    {\n      \"Effect\": \"Allow\",\n      \"Action\": \"sts:AssumeRole\",\n      \"Principal\": {\n        \"Service\": \"lambda.amazonaws.com\"\n      }\n    }\n  ]\n}",
            "override_policy_documents": null,
            "policy_id": null,
            "source_policy_documents": null,
            "statement": [
              {
                "actions": [
                  "sts:AssumeRole"
                ],
                "condition": [],
                "effect": "Allow",
                "not_actions": [],
                "not_principals": [],
                "not_resources": [],
                "principals": [
                  {
                    "identifiers": [
                      "lambda.amazonaws.com"
                    ],
                    "type": "Service"
                  }
                ],
                "resources": [],
                "sid": ""
              }
            ],
            "version": "2012-10-17"
          },
          "sensitive_attributes": []
        }
      ]
    },
    {
      "mode": "data",
      "type": "aws_iam_policy_document",
      "name": "loading_cw_document",
      "provider": "provider[\"registry.terraform.io/hashicorp/aws\"]",
      "instances": [
        {
          "schema_version": 0,
          "attributes": {
            "id": "2000198441",
            "json": "{\n  \"Version\": \"2012-10-17\",\n  \"Statement\": [\n    {\n      \"Effect\": \"Allow\",\n      \"Action\": [\n        \"logs:PutLogEvents\",\n        \"logs:CreateLogStream\"\n      ],\n      \"Resource\": \"arn:aws:logs:eu-west-2:170940005209:/aws/lambda/parquet-to-data-warehouse:*\"\n    }\n  ]\n}",
            "override_policy_documents": null,
            "policy_id": null,
            "source_policy_documents": null,
            "statement": [
              {
                "actions": [
                  "logs:CreateLogStream",
                  "logs:PutLogEvents"
                ],
                "condition": [],
                "effect": "Allow",
                "not_actions": [],
                "not_principals": [],
                "not_resources": [],
                "principals": [],
                "resources": [
                  "arn:aws:logs:eu-west-2:170940005209:/aws/lambda/parquet-to-data-warehouse:*"
                ],
                "sid": ""
              }
            ],
            "version": "2012-10-17"
          },
          "sensitive_attributes": []
        }
      ]
    },
    {
      "mode": "data",
      "type": "aws_iam_policy_document",
      "name": "transformation_assume_role",
      "provider": "provider[\"registry.terraform.io/hashicorp/aws\"]",
      "instances": [
        {
          "schema_version": 0,
          "attributes": {
            "id": "2690255455",
            "json": "{\n  \"Version\": \"2012-10-17\",\n  \"Statement\": [\n    {\n      \"Effect\": \"Allow\",\n      \"Action\": \"sts:AssumeRole\",\n      \"Principal\": {\n        \"Service\": \"lambda.amazonaws.com\"\n      }\n    }\n  ]\n}",
            "override_policy_documents": null,
            "policy_id": null,
            "source_policy_documents": null,
            "statement": [
              {
                "actions": [
                  "sts:AssumeRole"
                ],
                "condition": [],
                "effect": "Allow",
                "not_actions": [],
                "not_principals": [],
                "not_resources": [],
                "principals": [
                  {
                    "identifiers": [
                      "lambda.amazonaws.com"
                    ],
                    "type": "Service"
                  }
                ],
                "resources": [],
                "sid": ""
              }
            ],
            "version": "2012-10-17"
          },
          "sensitive_attributes": []
        }
      ]
    },
    {
      "mode": "data",
      "type": "aws_iam_policy_document",
      "name": "transformation_cw_document",
      "provider": "provider[\"registry.terraform.io/hashicorp/aws\"]",
      "instances": [
        {
          "schema_version": 0,
          "attributes": {
            "id": "2070714280",
            "json": "{\n  \"Version\": \"2012-10-17\",\n  \"Statement\": [\n    {\n      \"Effect\": \"Allow\",\n      \"Action\": [\n        \"logs:PutLogEvents\",\n        \"logs:CreateLogStream\"\n      ],\n      \"Resource\": \"arn:aws:logs:eu-west-2:170940005209:/aws/lambda/trans-to-star-schema:*\"\n    }\n  ]\n}",
            "override_policy_documents": null,
            "policy_id": null,
            "source_policy_documents": null,
            "statement": [
              {
                "actions": [
                  "logs:CreateLogStream",
                  "logs:PutLogEvents"
                ],
                "condition": [],
                "effect": "Allow",
                "not_actions": [],
                "not_principals": [],
                "not_resources": [],
                "principals": [],
                "resources": [
                  "arn:aws:logs:eu-west-2:170940005209:/aws/lambda/trans-to-star-schema:*"
                ],
                "sid": ""
              }
            ],
            "version": "2012-10-17"
          },
          "sensitive_attributes": []
        }
      ]
    },
    {
      "mode": "data",
      "type": "aws_region",
      "name": "current",
      "provider": "provider[\"registry.terraform.io/hashicorp/aws\"]",
      "instances": [
        {
          "schema_version": 0,
          "attributes": {
            "description": "Europe (London)",
            "endpoint": "ec2.eu-west-2.amazonaws.com",
            "id": "eu-west-2",
            "name": "eu-west-2"
          },
          "sensitive_attributes": []
        }
      ]
    },
    {
      "mode": "managed",
      "type": "aws_cloudwatch_event_rule",
      "name": "every_20_minutes",
      "provider": "provider[\"registry.terraform.io/hashicorp/aws\"]",
      "instances": [
        {
          "schema_version": 0,
          "attributes": {
            "arn": "arn:aws:events:eu-west-2:170940005209:rule/ingestion-eventbridge",
            "description": "Rule to trigger Lambda function every 20 minutes",
            "event_bus_name": "default",
            "event_pattern": null,
            "id": "ingestion-eventbridge",
            "is_enabled": true,
            "name": "ingestion-eventbridge",
            "name_prefix": "",
            "role_arn": "",
            "schedule_expression": "rate(5 minutes)",
            "tags": {},
            "tags_all": {}
          },
          "sensitive_attributes": [],
          "private": "bnVsbA=="
        }
      ]
    },
    {
      "mode": "managed",
      "type": "aws_cloudwatch_event_target",
      "name": "lambda_target",
      "provider": "provider[\"registry.terraform.io/hashicorp/aws\"]",
      "instances": [
        {
          "schema_version": 1,
          "attributes": {
            "arn": "arn:aws:lambda:eu-west-2:170940005209:function:ingest-sql-totes",
            "batch_target": [],
            "dead_letter_config": [],
            "ecs_target": [],
            "event_bus_name": "default",
            "http_target": [],
            "id": "ingestion-eventbridge-SendToLambda",
            "input": "",
            "input_path": "",
            "input_transformer": [],
            "kinesis_target": [],
            "redshift_target": [],
            "retry_policy": [],
            "role_arn": "",
            "rule": "ingestion-eventbridge",
            "run_command_targets": [],
            "sqs_target": [],
            "target_id": "SendToLambda"
          },
          "sensitive_attributes": [],
          "private": "eyJzY2hlbWFfdmVyc2lvbiI6IjEifQ==",
          "dependencies": [
            "aws_cloudwatch_event_rule.every_20_minutes",
            "data.aws_caller_identity.current",
            "data.aws_region.current"
          ]
        }
      ]
    },
    {
      "mode": "managed",
      "type": "aws_cloudwatch_log_group",
      "name": "ingestion_lambda_log",
      "provider": "provider[\"registry.terraform.io/hashicorp/aws\"]",
      "instances": [
        {
          "schema_version": 0,
          "attributes": {
            "arn": "arn:aws:logs:eu-west-2:170940005209:log-group:/aws/lambda/ingest-sql-totes",
            "id": "/aws/lambda/ingest-sql-totes",
            "kms_key_id": "",
            "name": "/aws/lambda/ingest-sql-totes",
            "name_prefix": "",
            "retention_in_days": 30,
            "skip_destroy": false,
            "tags": {},
            "tags_all": {}
          },
          "sensitive_attributes": [],
          "private": "bnVsbA=="
        }
      ]
    },
    {
      "mode": "managed",
      "type": "aws_cloudwatch_log_group",
      "name": "transform_lambda_log",
      "provider": "provider[\"registry.terraform.io/hashicorp/aws\"]",
      "instances": [
        {
          "schema_version": 0,
          "attributes": {
            "arn": "arn:aws:logs:eu-west-2:170940005209:log-group:/aws/lambda/trans-to-star-schema",
            "id": "/aws/lambda/trans-to-star-schema",
            "kms_key_id": "",
            "name": "/aws/lambda/trans-to-star-schema",
            "name_prefix": "",
            "retention_in_days": 30,
            "skip_destroy": false,
            "tags": {},
            "tags_all": {}
          },
          "sensitive_attributes": [],
          "private": "bnVsbA=="
        }
      ]
    },
    {
      "mode": "managed",
      "type": "aws_cloudwatch_log_group",
      "name": "warehouse_lambda_log",
      "provider": "provider[\"registry.terraform.io/hashicorp/aws\"]",
      "instances": [
        {
          "schema_version": 0,
          "attributes": {
            "arn": "arn:aws:logs:eu-west-2:170940005209:log-group:/aws/lambda/parquet-to-data-warehouse",
            "id": "/aws/lambda/parquet-to-data-warehouse",
            "kms_key_id": "",
            "name": "/aws/lambda/parquet-to-data-warehouse",
            "name_prefix": "",
            "retention_in_days": 30,
            "skip_destroy": false,
            "tags": {},
            "tags_all": {}
          },
          "sensitive_attributes": [],
          "private": "bnVsbA=="
        }
      ]
    },
    {
      "mode": "managed",
      "type": "aws_cloudwatch_log_metric_filter",
      "name": "alert_for_ingestion_error",
      "provider": "provider[\"registry.terraform.io/hashicorp/aws\"]",
      "instances": [
        {
          "schema_version": 0,
          "attributes": {
            "id": "ingestion_error",
            "log_group_name": "/aws/lambda/ingest-sql-totes",
            "metric_transformation": [
              {
                "default_value": "",
                "dimensions": {},
                "name": "IngestionError",
                "namespace": "ErrorLogMetrics",
                "unit": "None",
                "value": "1"
              }
            ],
            "name": "ingestion_error",
            "pattern": "ERROR"
          },
          "sensitive_attributes": [],
          "private": "bnVsbA==",
          "dependencies": [
            "aws_cloudwatch_log_group.ingestion_lambda_log"
          ]
        }
      ]
    },
    {
      "mode": "managed",
      "type": "aws_cloudwatch_log_metric_filter",
      "name": "alert_for_transformation_error",
      "provider": "provider[\"registry.terraform.io/hashicorp/aws\"]",
      "instances": [
        {
          "schema_version": 0,
          "attributes": {
            "id": "transformation_error",
            "log_group_name": "/aws/lambda/trans-to-star-schema",
            "metric_transformation": [
              {
                "default_value": "",
                "dimensions": {},
                "name": "TransformationError",
                "namespace": "ErrorLogMetrics",
                "unit": "None",
                "value": "1"
              }
            ],
            "name": "transformation_error",
            "pattern": "ERROR"
          },
          "sensitive_attributes": [],
          "private": "bnVsbA==",
          "dependencies": [
            "aws_cloudwatch_log_group.transform_lambda_log"
          ]
        }
      ]
    },
    {
      "mode": "managed",
      "type": "aws_cloudwatch_log_metric_filter",
      "name": "alert_for_warehousing_error",
      "provider": "provider[\"registry.terraform.io/hashicorp/aws\"]",
      "instances": [
        {
          "schema_version": 0,
          "attributes": {
            "id": "warehousing_error",
            "log_group_name": "/aws/lambda/parquet-to-data-warehouse",
            "metric_transformation": [
              {
                "default_value": "",
                "dimensions": {},
                "name": "WarehousingError",
                "namespace": "ErrorLogMetrics",
                "unit": "None",
                "value": "1"
              }
            ],
            "name": "warehousing_error",
            "pattern": "ERROR"
          },
          "sensitive_attributes": [],
          "private": "bnVsbA==",
          "dependencies": [
            "aws_cloudwatch_log_group.warehouse_lambda_log"
          ]
        }
      ]
    },
    {
      "mode": "managed",
      "type": "aws_cloudwatch_metric_alarm",
      "name": "alert_ingestion_errors",
      "provider": "provider[\"registry.terraform.io/hashicorp/aws\"]",
      "instances": [
        {
          "schema_version": 1,
          "attributes": {
            "actions_enabled": true,
            "alarm_actions": [
              "arn:aws:sns:eu-west-2:170940005209:email_alert_topic"
            ],
            "alarm_description": "Ingestion error",
            "alarm_name": "ingestion-error-alarm",
            "arn": "arn:aws:cloudwatch:eu-west-2:170940005209:alarm:ingestion-error-alarm",
            "comparison_operator": "GreaterThanOrEqualToThreshold",
            "datapoints_to_alarm": 0,
            "dimensions": {},
            "evaluate_low_sample_count_percentiles": "",
            "evaluation_periods": 1,
            "extended_statistic": "",
            "id": "ingestion-error-alarm",
            "insufficient_data_actions": [],
            "metric_name": "IngestionError",
            "metric_query": [],
            "namespace": "ErrorLogMetrics",
            "ok_actions": [],
            "period": 600,
            "statistic": "Sum",
            "tags": {},
            "tags_all": {},
            "threshold": 1,
            "threshold_metric_id": "",
            "treat_missing_data": "missing",
            "unit": ""
          },
          "sensitive_attributes": [],
          "private": "eyJzY2hlbWFfdmVyc2lvbiI6IjEifQ==",
          "dependencies": [
            "aws_sns_topic.email_topic"
          ]
        }
      ]
    },
    {
      "mode": "managed",
      "type": "aws_cloudwatch_metric_alarm",
      "name": "alert_transformation_errors",
      "provider": "provider[\"registry.terraform.io/hashicorp/aws\"]",
      "instances": [
        {
          "schema_version": 1,
          "attributes": {
            "actions_enabled": true,
            "alarm_actions": [
              "arn:aws:sns:eu-west-2:170940005209:email_alert_topic"
            ],
            "alarm_description": "Transformation error",
            "alarm_name": "transformation-error-alarm",
            "arn": "arn:aws:cloudwatch:eu-west-2:170940005209:alarm:transformation-error-alarm",
            "comparison_operator": "GreaterThanOrEqualToThreshold",
            "datapoints_to_alarm": 0,
            "dimensions": {},
            "evaluate_low_sample_count_percentiles": "",
            "evaluation_periods": 1,
            "extended_statistic": "",
            "id": "transformation-error-alarm",
            "insufficient_data_actions": [],
            "metric_name": "TransformationError",
            "metric_query": [],
            "namespace": "ErrorLogMetrics",
            "ok_actions": [],
            "period": 600,
            "statistic": "Sum",
            "tags": {},
            "tags_all": {},
            "threshold": 1,
            "threshold_metric_id": "",
            "treat_missing_data": "missing",
            "unit": ""
          },
          "sensitive_attributes": [],
          "private": "eyJzY2hlbWFfdmVyc2lvbiI6IjEifQ==",
          "dependencies": [
            "aws_sns_topic.email_topic"
          ]
        }
      ]
    },
    {
      "mode": "managed",
      "type": "aws_cloudwatch_metric_alarm",
      "name": "alert_warehousing_errors",
      "provider": "provider[\"registry.terraform.io/hashicorp/aws\"]",
      "instances": [
        {
          "schema_version": 1,
          "attributes": {
            "actions_enabled": true,
            "alarm_actions": [
              "arn:aws:sns:eu-west-2:170940005209:email_alert_topic"
            ],
            "alarm_description": "Warehousing error",
            "alarm_name": "warehousing-error-alarm",
            "arn": "arn:aws:cloudwatch:eu-west-2:170940005209:alarm:warehousing-error-alarm",
            "comparison_operator": "GreaterThanOrEqualToThreshold",
            "datapoints_to_alarm": 0,
            "dimensions": {},
            "evaluate_low_sample_count_percentiles": "",
            "evaluation_periods": 1,
            "extended_statistic": "",
            "id": "warehousing-error-alarm",
            "insufficient_data_actions": [],
            "metric_name": "WarehousingError",
            "metric_query": [],
            "namespace": "ErrorLogMetrics",
            "ok_actions": [],
            "period": 600,
            "statistic": "Sum",
            "tags": {},
            "tags_all": {},
            "threshold": 1,
            "threshold_metric_id": "",
            "treat_missing_data": "missing",
            "unit": ""
          },
          "sensitive_attributes": [],
          "private": "eyJzY2hlbWFfdmVyc2lvbiI6IjEifQ==",
          "dependencies": [
            "aws_sns_topic.email_topic"
          ]
        }
      ]
    },
    {
      "mode": "managed",
      "type": "aws_iam_policy",
      "name": "ingestion_cw_policy",
      "provider": "provider[\"registry.terraform.io/hashicorp/aws\"]",
      "instances": [
        {
          "schema_version": 0,
          "attributes": {
            "arn": "arn:aws:iam::170940005209:policy/cloudwatch-ingestion-log-policy",
            "description": "A policy to give ingestion lambda permissions to log to cloudwatch",
            "id": "arn:aws:iam::170940005209:policy/cloudwatch-ingestion-log-policy",
            "name": "cloudwatch-ingestion-log-policy",
            "name_prefix": "",
            "path": "/",
            "policy": "{\"Statement\":[{\"Action\":[\"logs:PutLogEvents\",\"logs:CreateLogStream\"],\"Effect\":\"Allow\",\"Resource\":\"arn:aws:logs:eu-west-2:170940005209:/aws/lambda/ingest-sql-totes:*\"}],\"Version\":\"2012-10-17\"}",
            "policy_id": "ANPASPTGRPNMQ7WZOEOWY",
            "tags": {},
            "tags_all": {}
          },
          "sensitive_attributes": [],
          "private": "bnVsbA==",
          "dependencies": [
            "aws_cloudwatch_log_group.ingestion_lambda_log",
            "data.aws_caller_identity.current",
            "data.aws_iam_policy_document.ingestion_cw_document",
            "data.aws_region.current"
          ]
        }
      ]
    },
    {
      "mode": "managed",
      "type": "aws_iam_policy",
      "name": "load_secrets_manager",
      "provider": "provider[\"registry.terraform.io/hashicorp/aws\"]",
      "instances": [
        {
          "schema_version": 0,
          "attributes": {
            "arn": "arn:aws:iam::170940005209:policy/totesys_warehouse_access",
            "description": "A policy to give load lambda access to warehouse credentials",
            "id": "arn:aws:iam::170940005209:policy/totesys_warehouse_access",
            "name": "totesys_warehouse_access",
            "name_prefix": "",
            "path": "/",
            "policy": "{\"Statement\":[{\"Action\":[\"secretsmanager:GetSecretValue\"],\"Effect\":\"Allow\",\"Resource\":[\"arn:aws:secretsmanager:eu-west-2:170940005209:secret:Totesys-Warehouse-4E7l1w\"]}],\"Version\":\"2012-10-17\"}",
            "policy_id": "ANPASPTGRPNMUZ3TGT7MU",
            "tags": {},
            "tags_all": {}
          },
          "sensitive_attributes": [],
          "private": "bnVsbA=="
        }
      ]
    },
    {
      "mode": "managed",
      "type": "aws_iam_policy",
      "name": "loading_cw_policy",
      "provider": "provider[\"registry.terraform.io/hashicorp/aws\"]",
      "instances": [
        {
          "schema_version": 0,
          "attributes": {
            "arn": "arn:aws:iam::170940005209:policy/cloudwatch-loading-log-policy",
            "description": "A policy to give ingestion lambda permissions to log to cloudwatch",
            "id": "arn:aws:iam::170940005209:policy/cloudwatch-loading-log-policy",
            "name": "cloudwatch-loading-log-policy",
            "name_prefix": "",
            "path": "/",
            "policy": "{\"Statement\":[{\"Action\":[\"logs:PutLogEvents\",\"logs:CreateLogStream\"],\"Effect\":\"Allow\",\"Resource\":\"arn:aws:logs:eu-west-2:170940005209:/aws/lambda/parquet-to-data-warehouse:*\"}],\"Version\":\"2012-10-17\"}",
            "policy_id": "ANPASPTGRPNMRXLNGGJT7",
            "tags": {},
            "tags_all": {}
          },
          "sensitive_attributes": [],
          "private": "bnVsbA==",
          "dependencies": [
            "aws_cloudwatch_log_group.warehouse_lambda_log",
            "data.aws_caller_identity.current",
            "data.aws_iam_policy_document.loading_cw_document",
            "data.aws_region.current"
          ]
        }
      ]
    },
    {
      "mode": "managed",
      "type": "aws_iam_policy",
      "name": "s3_trans_write_policy",
      "provider": "provider[\"registry.terraform.io/hashicorp/aws\"]",
      "instances": [
        {
          "schema_version": 0,
          "attributes": {
            "arn": "arn:aws:iam::170940005209:policy/s3-write-to-transformation-bucket-policy",
            "description": "A policy to give ingestion lambda permissions to write to S3 bucket",
            "id": "arn:aws:iam::170940005209:policy/s3-write-to-transformation-bucket-policy",
            "name": "s3-write-to-transformation-bucket-policy",
            "name_prefix": "",
            "path": "/",
            "policy": "{\"Statement\":[{\"Action\":[\"s3:*\"],\"Effect\":\"Allow\",\"Resource\":[\"arn:aws:s3:::processed-data-vox-indicium/*\",\"arn:aws:s3:::ingested-data-vox-indicium/*\"]}],\"Version\":\"2012-10-17\"}",
            "policy_id": "ANPASPTGRPNM6QXW6WZLH",
            "tags": {},
            "tags_all": {}
          },
          "sensitive_attributes": [],
          "private": "bnVsbA=="
        }
      ]
    },
    {
      "mode": "managed",
      "type": "aws_iam_policy",
      "name": "s3_write_policy",
      "provider": "provider[\"registry.terraform.io/hashicorp/aws\"]",
      "instances": [
        {
          "schema_version": 0,
          "attributes": {
            "arn": "arn:aws:iam::170940005209:policy/s3-write-to-ingestion-bucket-policy",
            "description": "A policy to give ingestion lambda permissions to write to S3 bucket",
            "id": "arn:aws:iam::170940005209:policy/s3-write-to-ingestion-bucket-policy",
            "name": "s3-write-to-ingestion-bucket-policy",
            "name_prefix": "",
            "path": "/",
            "policy": "{\"Statement\":[{\"Action\":[\"s3:*\"],\"Effect\":\"Allow\",\"Resource\":\"arn:aws:s3:::ingested-data-vox-indicium/*\"}],\"Version\":\"2012-10-17\"}",
            "policy_id": "ANPASPTGRPNM2QQRIUT5J",
            "tags": {},
            "tags_all": {}
          },
          "sensitive_attributes": [],
          "private": "bnVsbA=="
        }
      ]
    },
    {
      "mode": "managed",
      "type": "aws_iam_policy",
      "name": "transformation_cw_policy",
      "provider": "provider[\"registry.terraform.io/hashicorp/aws\"]",
      "instances": [
        {
          "schema_version": 0,
          "attributes": {
            "arn": "arn:aws:iam::170940005209:policy/cloudwatch-transformation-log-policy",
            "description": "A policy to give ingestion lambda permissions to log to cloudwatch",
            "id": "arn:aws:iam::170940005209:policy/cloudwatch-transformation-log-policy",
            "name": "cloudwatch-transformation-log-policy",
            "name_prefix": "",
            "path": "/",
            "policy": "{\"Statement\":[{\"Action\":[\"logs:PutLogEvents\",\"logs:CreateLogStream\"],\"Effect\":\"Allow\",\"Resource\":\"arn:aws:logs:eu-west-2:170940005209:/aws/lambda/trans-to-star-schema:*\"}],\"Version\":\"2012-10-17\"}",
            "policy_id": "ANPASPTGRPNMT2QRPBA65",
            "tags": {},
            "tags_all": {}
          },
          "sensitive_attributes": [],
          "private": "bnVsbA==",
          "dependencies": [
            "aws_cloudwatch_log_group.transform_lambda_log",
            "data.aws_caller_identity.current",
            "data.aws_iam_policy_document.transformation_cw_document",
            "data.aws_region.current"
          ]
        }
      ]
    },
    {
      "mode": "managed",
      "type": "aws_iam_role",
      "name": "iam_for_ingestion_lambda",
      "provider": "provider[\"registry.terraform.io/hashicorp/aws\"]",
      "instances": [
        {
          "schema_version": 0,
          "attributes": {
            "arn": "arn:aws:iam::170940005209:role/role-ingest-sql-totes",
            "assume_role_policy": "{\"Statement\":[{\"Action\":\"sts:AssumeRole\",\"Effect\":\"Allow\",\"Principal\":{\"Service\":\"lambda.amazonaws.com\"}}],\"Version\":\"2012-10-17\"}",
            "create_date": "2023-08-07T09:36:44Z",
            "description": "",
            "force_detach_policies": true,
            "id": "role-ingest-sql-totes",
            "inline_policy": [],
            "managed_policy_arns": [
              "arn:aws:iam::170940005209:policy/cloudwatch-ingestion-log-policy",
              "arn:aws:iam::170940005209:policy/get_tote_db_credentials",
              "arn:aws:iam::170940005209:policy/s3-write-to-ingestion-bucket-policy"
            ],
            "max_session_duration": 3600,
            "name": "role-ingest-sql-totes",
            "name_prefix": "",
            "path": "/",
            "permissions_boundary": null,
            "tags": {},
            "tags_all": {},
            "unique_id": "AROASPTGRPNMTNORS7UAQ"
          },
          "sensitive_attributes": [],
          "private": "bnVsbA==",
          "dependencies": [
            "data.aws_iam_policy_document.ingestion_assume_role"
          ]
        }
      ]
    },
    {
      "mode": "managed",
      "type": "aws_iam_role",
      "name": "iam_for_transformation_lambda",
      "provider": "provider[\"registry.terraform.io/hashicorp/aws\"]",
      "instances": [
        {
          "schema_version": 0,
          "attributes": {
            "arn": "arn:aws:iam::170940005209:role/role-trans-to-star-schema",
            "assume_role_policy": "{\"Statement\":[{\"Action\":\"sts:AssumeRole\",\"Effect\":\"Allow\",\"Principal\":{\"Service\":\"lambda.amazonaws.com\"}}],\"Version\":\"2012-10-17\"}",
            "create_date": "2023-08-07T09:36:44Z",
            "description": "",
            "force_detach_policies": false,
            "id": "role-trans-to-star-schema",
            "inline_policy": [],
            "managed_policy_arns": [
              "arn:aws:iam::170940005209:policy/cloudwatch-transformation-log-policy",
              "arn:aws:iam::170940005209:policy/s3-write-to-transformation-bucket-policy"
            ],
            "max_session_duration": 3600,
            "name": "role-trans-to-star-schema",
            "name_prefix": "",
            "path": "/",
            "permissions_boundary": null,
            "tags": {},
            "tags_all": {},
            "unique_id": "AROASPTGRPNMYHBWV2APU"
          },
          "sensitive_attributes": [],
          "private": "bnVsbA==",
          "dependencies": [
            "data.aws_iam_policy_document.transformation_assume_role"
          ]
        }
      ]
    },
    {
      "mode": "managed",
      "type": "aws_iam_role",
      "name": "iam_for_warehousing_lambda",
      "provider": "provider[\"registry.terraform.io/hashicorp/aws\"]",
      "instances": [
        {
          "schema_version": 0,
          "attributes": {
            "arn": "arn:aws:iam::170940005209:role/role-parquet-to-data-warehouse",
            "assume_role_policy": "{\"Statement\":[{\"Action\":\"sts:AssumeRole\",\"Effect\":\"Allow\",\"Principal\":{\"Service\":\"lambda.amazonaws.com\"}}],\"Version\":\"2012-10-17\"}",
            "create_date": "2023-08-07T09:36:45Z",
            "description": "",
            "force_detach_policies": true,
            "id": "role-parquet-to-data-warehouse",
            "inline_policy": [],
            "managed_policy_arns": [
              "arn:aws:iam::170940005209:policy/cloudwatch-loading-log-policy",
              "arn:aws:iam::170940005209:policy/totesys_warehouse_access"
            ],
            "max_session_duration": 3600,
            "name": "role-parquet-to-data-warehouse",
            "name_prefix": "",
            "path": "/",
            "permissions_boundary": null,
            "tags": {},
            "tags_all": {},
            "unique_id": "AROASPTGRPNMWJELPJTMG"
          },
          "sensitive_attributes": [],
          "private": "bnVsbA==",
          "dependencies": [
            "data.aws_iam_policy_document.loading_assume_role"
          ]
        }
      ]
    },
    {
      "mode": "managed",
      "type": "aws_iam_role_policy_attachment",
      "name": "ingestion_lambda_cw_policy_attachment",
      "provider": "provider[\"registry.terraform.io/hashicorp/aws\"]",
      "instances": [
        {
          "schema_version": 0,
          "attributes": {
            "id": "role-ingest-sql-totes-20230807093645515900000007",
            "policy_arn": "arn:aws:iam::170940005209:policy/cloudwatch-ingestion-log-policy",
            "role": "role-ingest-sql-totes"
          },
          "sensitive_attributes": [],
          "private": "bnVsbA==",
          "dependencies": [
            "aws_cloudwatch_log_group.ingestion_lambda_log",
            "aws_iam_policy.ingestion_cw_policy",
            "aws_iam_role.iam_for_ingestion_lambda",
            "data.aws_caller_identity.current",
            "data.aws_iam_policy_document.ingestion_assume_role",
            "data.aws_iam_policy_document.ingestion_cw_document",
            "data.aws_region.current"
          ]
        }
      ]
    },
    {
      "mode": "managed",
      "type": "aws_iam_role_policy_attachment",
      "name": "lambda_S3_write_policy_attachment",
      "provider": "provider[\"registry.terraform.io/hashicorp/aws\"]",
      "instances": [
        {
          "schema_version": 0,
          "attributes": {
            "id": "role-ingest-sql-totes-20230807093644036800000001",
            "policy_arn": "arn:aws:iam::170940005209:policy/s3-write-to-ingestion-bucket-policy",
            "role": "role-ingest-sql-totes"
          },
          "sensitive_attributes": [],
          "private": "bnVsbA==",
          "dependencies": [
            "aws_iam_policy.s3_write_policy",
            "aws_iam_role.iam_for_ingestion_lambda",
            "data.aws_iam_policy_document.ingestion_assume_role"
          ]
        }
      ]
    },
    {
      "mode": "managed",
      "type": "aws_iam_role_policy_attachment",
      "name": "lambda_S3_write_policy_attachment_transformation",
      "provider": "provider[\"registry.terraform.io/hashicorp/aws\"]",
      "instances": [
        {
          "schema_version": 0,
          "attributes": {
            "id": "role-trans-to-star-schema-20230807093644067000000002",
            "policy_arn": "arn:aws:iam::170940005209:policy/s3-write-to-transformation-bucket-policy",
            "role": "role-trans-to-star-schema"
          },
          "sensitive_attributes": [],
          "private": "bnVsbA==",
          "dependencies": [
            "aws_iam_policy.s3_trans_write_policy",
            "aws_iam_role.iam_for_transformation_lambda",
            "data.aws_iam_policy_document.transformation_assume_role"
          ]
        }
      ]
    },
    {
      "mode": "managed",
      "type": "aws_iam_role_policy_attachment",
      "name": "lambda_secretsmanager_policy_attachment",
      "provider": "provider[\"registry.terraform.io/hashicorp/aws\"]",
      "instances": [
        {
          "schema_version": 0,
          "attributes": {
            "id": "role-ingest-sql-totes-20230807093644216600000003",
            "policy_arn": "arn:aws:iam::170940005209:policy/get_tote_db_credentials",
            "role": "role-ingest-sql-totes"
          },
          "sensitive_attributes": [],
          "private": "bnVsbA==",
          "dependencies": [
            "aws_iam_role.iam_for_ingestion_lambda",
            "data.aws_iam_policy_document.ingestion_assume_role"
          ]
        }
      ]
    },
    {
      "mode": "managed",
      "type": "aws_iam_role_policy_attachment",
      "name": "loading_lambda_secretsmanager_policy_attachment",
      "provider": "provider[\"registry.terraform.io/hashicorp/aws\"]",
      "instances": [
        {
          "schema_version": 0,
          "attributes": {
            "id": "role-parquet-to-data-warehouse-20230807151247888700000001",
            "policy_arn": "arn:aws:iam::170940005209:policy/totesys_warehouse_access",
            "role": "role-parquet-to-data-warehouse"
          },
          "sensitive_attributes": [],
          "private": "bnVsbA==",
          "dependencies": [
            "aws_iam_policy.load_secrets_manager",
            "aws_iam_role.iam_for_warehousing_lambda",
            "data.aws_iam_policy_document.loading_assume_role"
          ]
        }
      ]
    },
    {
      "mode": "managed",
      "type": "aws_iam_role_policy_attachment",
      "name": "transformation_lambda_cw_policy_attachment",
      "provider": "provider[\"registry.terraform.io/hashicorp/aws\"]",
      "instances": [
        {
          "schema_version": 0,
          "attributes": {
            "id": "role-trans-to-star-schema-20230807093645044700000005",
            "policy_arn": "arn:aws:iam::170940005209:policy/cloudwatch-transformation-log-policy",
            "role": "role-trans-to-star-schema"
          },
          "sensitive_attributes": [],
          "private": "bnVsbA==",
          "dependencies": [
            "aws_cloudwatch_log_group.transform_lambda_log",
            "aws_iam_policy.transformation_cw_policy",
            "aws_iam_role.iam_for_transformation_lambda",
            "data.aws_caller_identity.current",
            "data.aws_iam_policy_document.transformation_assume_role",
            "data.aws_iam_policy_document.transformation_cw_document",
            "data.aws_region.current"
          ]
        }
      ]
    },
    {
      "mode": "managed",
      "type": "aws_iam_role_policy_attachment",
      "name": "warehousing_lambda_cw_policy_attachment",
      "provider": "provider[\"registry.terraform.io/hashicorp/aws\"]",
      "instances": [
        {
          "schema_version": 0,
          "attributes": {
            "id": "role-parquet-to-data-warehouse-20230807093645081900000006",
            "policy_arn": "arn:aws:iam::170940005209:policy/cloudwatch-loading-log-policy",
            "role": "role-parquet-to-data-warehouse"
          },
          "sensitive_attributes": [],
          "private": "bnVsbA==",
          "dependencies": [
            "aws_cloudwatch_log_group.warehouse_lambda_log",
            "aws_iam_policy.loading_cw_policy",
            "aws_iam_role.iam_for_warehousing_lambda",
            "data.aws_caller_identity.current",
            "data.aws_iam_policy_document.loading_assume_role",
            "data.aws_iam_policy_document.loading_cw_document",
            "data.aws_region.current"
          ]
        }
      ]
    },
    {
      "mode": "managed",
      "type": "aws_lambda_function",
      "name": "data_transform",
      "provider": "provider[\"registry.terraform.io/hashicorp/aws\"]",
      "instances": [
        {
          "schema_version": 0,
          "attributes": {
            "architectures": [
              "x86_64"
            ],
            "arn": "arn:aws:lambda:eu-west-2:170940005209:function:trans-to-star-schema",
            "code_signing_config_arn": "",
            "dead_letter_config": [],
            "description": "",
            "environment": [],
            "ephemeral_storage": [
              {
                "size": 512
              }
            ],
            "file_system_config": [],
            "filename": "./../transformation_function.zip",
            "function_name": "trans-to-star-schema",
            "handler": "transformation_function.transformation_function",
            "id": "trans-to-star-schema",
            "image_config": [],
            "image_uri": "",
            "invoke_arn": "arn:aws:apigateway:eu-west-2:lambda:path/2015-03-31/functions/arn:aws:lambda:eu-west-2:170940005209:function:trans-to-star-schema/invocations",
            "kms_key_arn": "",
            "last_modified": "2023-08-07T16:01:31.000+0000",
            "layers": [
              "arn:aws:lambda:eu-west-2:336392948345:layer:AWSSDKPandas-Python310:3",
              "arn:aws:lambda:eu-west-2:170940005209:layer:ccy_layer:7"
            ],
            "memory_size": 128,
            "package_type": "Zip",
            "publish": false,
            "qualified_arn": "arn:aws:lambda:eu-west-2:170940005209:function:trans-to-star-schema:$LATEST",
            "qualified_invoke_arn": "arn:aws:apigateway:eu-west-2:lambda:path/2015-03-31/functions/arn:aws:lambda:eu-west-2:170940005209:function:trans-to-star-schema:$LATEST/invocations",
            "replace_security_groups_on_destroy": null,
            "replacement_security_group_ids": null,
            "reserved_concurrent_executions": -1,
            "role": "arn:aws:iam::170940005209:role/role-trans-to-star-schema",
            "runtime": "python3.10",
            "s3_bucket": null,
            "s3_key": null,
            "s3_object_version": null,
            "signing_job_arn": "",
            "signing_profile_version_arn": "",
            "skip_destroy": false,
            "snap_start": [],
            "source_code_hash": "dlby7aIcGDCiSFUwxTp9c5eF4SyTeQOHxnviGvhi/iM=",
            "source_code_size": 5027738,
            "tags": {},
            "tags_all": {},
            "timeout": 60,
            "timeouts": null,
            "tracing_config": [
              {
                "mode": "PassThrough"
              }
            ],
            "version": "$LATEST",
            "vpc_config": []
          },
          "sensitive_attributes": [],
          "private": "eyJlMmJmYjczMC1lY2FhLTExZTYtOGY4OC0zNDM2M2JjN2M0YzAiOnsiY3JlYXRlIjo2MDAwMDAwMDAwMDAsImRlbGV0ZSI6NjAwMDAwMDAwMDAwLCJ1cGRhdGUiOjYwMDAwMDAwMDAwMH19",
          "dependencies": [
            "aws_iam_role.iam_for_transformation_lambda",
            "aws_lambda_layer_version.ccy_layer",
            "data.archive_file.transform_lambda",
            "data.aws_iam_policy_document.transformation_assume_role"
          ]
        }
      ]
    },
    {
      "mode": "managed",
      "type": "aws_lambda_function",
      "name": "data_warehouse",
      "provider": "provider[\"registry.terraform.io/hashicorp/aws\"]",
      "instances": [
        {
          "schema_version": 0,
          "attributes": {
            "architectures": [
              "x86_64"
            ],
            "arn": "arn:aws:lambda:eu-west-2:170940005209:function:parquet-to-data-warehouse",
            "code_signing_config_arn": "",
            "dead_letter_config": [],
            "description": "",
            "environment": [],
            "ephemeral_storage": [
              {
                "size": 512
              }
            ],
            "file_system_config": [],
            "filename": "./../loading_function.zip",
            "function_name": "parquet-to-data-warehouse",
            "handler": "update_datawarehouse.push_data_in_bucket",
            "id": "parquet-to-data-warehouse",
            "image_config": [],
            "image_uri": "",
            "invoke_arn": "arn:aws:apigateway:eu-west-2:lambda:path/2015-03-31/functions/arn:aws:lambda:eu-west-2:170940005209:function:parquet-to-data-warehouse/invocations",
            "kms_key_arn": "",
            "last_modified": "2023-08-08T08:47:42.000+0000",
            "layers": [
              "arn:aws:lambda:eu-west-2:170940005209:layer:psycopg2:23",
              "arn:aws:lambda:eu-west-2:336392948345:layer:AWSSDKPandas-Python310:3"
            ],
            "memory_size": 128,
            "package_type": "Zip",
            "publish": false,
            "qualified_arn": "arn:aws:lambda:eu-west-2:170940005209:function:parquet-to-data-warehouse:$LATEST",
            "qualified_invoke_arn": "arn:aws:apigateway:eu-west-2:lambda:path/2015-03-31/functions/arn:aws:lambda:eu-west-2:170940005209:function:parquet-to-data-warehouse:$LATEST/invocations",
            "replace_security_groups_on_destroy": null,
            "replacement_security_group_ids": null,
            "reserved_concurrent_executions": -1,
            "role": "arn:aws:iam::170940005209:role/role-parquet-to-data-warehouse",
            "runtime": "python3.10",
            "s3_bucket": null,
            "s3_key": null,
            "s3_object_version": null,
            "signing_job_arn": "",
            "signing_profile_version_arn": "",
            "skip_destroy": false,
            "snap_start": [],
            "source_code_hash": "dEueOdLz18MgabuUgJwBE7AmNASBc6wNfHjdSj8kQQM=",
            "source_code_size": 5017470,
            "tags": {},
            "tags_all": {},
            "timeout": 60,
            "timeouts": null,
            "tracing_config": [
              {
                "mode": "PassThrough"
              }
            ],
            "version": "$LATEST",
            "vpc_config": []
          },
          "sensitive_attributes": [],
          "private": "eyJlMmJmYjczMC1lY2FhLTExZTYtOGY4OC0zNDM2M2JjN2M0YzAiOnsiY3JlYXRlIjo2MDAwMDAwMDAwMDAsImRlbGV0ZSI6NjAwMDAwMDAwMDAwLCJ1cGRhdGUiOjYwMDAwMDAwMDAwMH19",
          "dependencies": [
            "aws_iam_role.iam_for_warehousing_lambda",
            "aws_lambda_layer_version.psycopg2_lambda_layer",
            "data.archive_file.warehouse_lambda"
          ]
        }
      ]
    },
    {
      "mode": "managed",
      "type": "aws_lambda_function",
      "name": "s3_file_reader",
      "provider": "provider[\"registry.terraform.io/hashicorp/aws\"]",
      "instances": [
        {
          "schema_version": 0,
          "attributes": {
            "architectures": [
              "x86_64"
            ],
            "arn": "arn:aws:lambda:eu-west-2:170940005209:function:ingest-sql-totes",
            "code_signing_config_arn": "",
            "dead_letter_config": [],
            "description": "",
            "environment": [],
            "ephemeral_storage": [
              {
                "size": 512
              }
            ],
            "file_system_config": [],
            "filename": "./../ingestion_function.zip",
            "function_name": "ingest-sql-totes",
            "handler": "src/postgres_data_capture.postgres_data_capture",
            "id": "ingest-sql-totes",
            "image_config": [],
            "image_uri": "",
            "invoke_arn": "arn:aws:apigateway:eu-west-2:lambda:path/2015-03-31/functions/arn:aws:lambda:eu-west-2:170940005209:function:ingest-sql-totes/invocations",
            "kms_key_arn": "",
            "last_modified": "2023-08-07T09:37:48.870+0000",
            "layers": [
              "arn:aws:lambda:eu-west-2:170940005209:layer:psycopg2:23",
              "arn:aws:lambda:eu-west-2:336392948345:layer:AWSSDKPandas-Python310:3"
            ],
            "memory_size": 128,
            "package_type": "Zip",
            "publish": false,
            "qualified_arn": "arn:aws:lambda:eu-west-2:170940005209:function:ingest-sql-totes:$LATEST",
            "qualified_invoke_arn": "arn:aws:apigateway:eu-west-2:lambda:path/2015-03-31/functions/arn:aws:lambda:eu-west-2:170940005209:function:ingest-sql-totes:$LATEST/invocations",
            "replace_security_groups_on_destroy": null,
            "replacement_security_group_ids": null,
            "reserved_concurrent_executions": -1,
            "role": "arn:aws:iam::170940005209:role/role-ingest-sql-totes",
            "runtime": "python3.10",
            "s3_bucket": null,
            "s3_key": null,
            "s3_object_version": null,
            "signing_job_arn": "",
            "signing_profile_version_arn": "",
            "skip_destroy": false,
            "snap_start": [],
            "source_code_hash": "XEukT/W+avCar1X1lN+bcSZtcPt+7r75kTMtfFFiqIg=",
            "source_code_size": 15361,
            "tags": {},
            "tags_all": {},
            "timeout": 60,
            "timeouts": null,
            "tracing_config": [
              {
                "mode": "PassThrough"
              }
            ],
            "version": "$LATEST",
            "vpc_config": []
          },
          "sensitive_attributes": [],
          "private": "eyJlMmJmYjczMC1lY2FhLTExZTYtOGY4OC0zNDM2M2JjN2M0YzAiOnsiY3JlYXRlIjo2MDAwMDAwMDAwMDAsImRlbGV0ZSI6NjAwMDAwMDAwMDAwLCJ1cGRhdGUiOjYwMDAwMDAwMDAwMH19",
          "dependencies": [
            "aws_iam_role.iam_for_ingestion_lambda",
            "aws_lambda_layer_version.psycopg2_lambda_layer",
            "data.archive_file.ingestion_lambda",
            "data.aws_iam_policy_document.ingestion_assume_role"
          ]
        }
      ]
    },
    {
      "mode": "managed",
      "type": "aws_lambda_layer_version",
      "name": "ccy_layer",
      "provider": "provider[\"registry.terraform.io/hashicorp/aws\"]",
      "instances": [
        {
          "schema_version": 0,
          "attributes": {
            "arn": "arn:aws:lambda:eu-west-2:170940005209:layer:ccy_layer:7",
            "compatible_architectures": [],
            "compatible_runtimes": [
              "python3.10"
            ],
            "created_date": "2023-08-07T09:37:50.627+0000",
            "description": "",
            "filename": "./../ccy_layer/python.zip",
            "id": "arn:aws:lambda:eu-west-2:170940005209:layer:ccy_layer:7",
            "layer_arn": "arn:aws:lambda:eu-west-2:170940005209:layer:ccy_layer",
            "layer_name": "ccy_layer",
            "license_info": "",
            "s3_bucket": null,
            "s3_key": null,
            "s3_object_version": null,
            "signing_job_arn": "",
            "signing_profile_version_arn": "",
            "skip_destroy": false,
            "source_code_hash": "yCSn8y19dvxzeqrCa2+AHWFIUzgYZx7tENzDLX5JucE=",
            "source_code_size": 18131,
            "version": "7"
          },
          "sensitive_attributes": [],
          "private": "bnVsbA=="
        }
      ]
    },
    {
      "mode": "managed",
      "type": "aws_lambda_layer_version",
      "name": "psycopg2_lambda_layer",
      "provider": "provider[\"registry.terraform.io/hashicorp/aws\"]",
      "instances": [
        {
          "schema_version": 0,
          "attributes": {
            "arn": "arn:aws:lambda:eu-west-2:170940005209:layer:psycopg2:23",
            "compatible_architectures": [],
            "compatible_runtimes": [
              "python3.10"
            ],
            "created_date": "2023-08-07T09:37:32.331+0000",
            "description": "",
            "filename": "./../psycopg2_layers/python.zip",
            "id": "arn:aws:lambda:eu-west-2:170940005209:layer:psycopg2:23",
            "layer_arn": "arn:aws:lambda:eu-west-2:170940005209:layer:psycopg2",
            "layer_name": "psycopg2",
            "license_info": "",
            "s3_bucket": null,
            "s3_key": null,
            "s3_object_version": null,
            "signing_job_arn": "",
            "signing_profile_version_arn": "",
            "skip_destroy": false,
            "source_code_hash": "qkQgRGnksUSB3BAU7wYMmoSFMbSqrmjkCsjbLQxcABM=",
            "source_code_size": 27383527,
            "version": "23"
          },
          "sensitive_attributes": [],
          "private": "bnVsbA=="
        }
      ]
    },
    {
      "mode": "managed",
      "type": "aws_lambda_permission",
      "name": "allow_eventbridge",
      "provider": "provider[\"registry.terraform.io/hashicorp/aws\"]",
      "instances": [
        {
          "schema_version": 0,
          "attributes": {
            "action": "lambda:InvokeFunction",
            "event_source_token": null,
            "function_name": "ingest-sql-totes",
            "function_url_auth_type": null,
            "id": "AllowExecutionFromEventBridge",
            "principal": "events.amazonaws.com",
            "principal_org_id": null,
            "qualifier": "",
            "source_account": null,
            "source_arn": "arn:aws:events:eu-west-2:170940005209:rule/ingestion-eventbridge",
            "statement_id": "AllowExecutionFromEventBridge",
            "statement_id_prefix": ""
          },
          "sensitive_attributes": [],
          "private": "bnVsbA==",
          "dependencies": [
            "aws_cloudwatch_event_rule.every_20_minutes"
          ]
        }
      ]
    },
    {
      "mode": "managed",
      "type": "aws_lambda_permission",
      "name": "allow_trans_eventbridge",
      "provider": "provider[\"registry.terraform.io/hashicorp/aws\"]",
      "instances": [
        {
          "schema_version": 0,
          "attributes": {
            "action": "lambda:InvokeFunction",
            "event_source_token": null,
            "function_name": "trans-to-star-schema",
            "function_url_auth_type": null,
            "id": "AllowExecutionFromEventBridgeTrans",
            "principal": "s3.amazonaws.com",
            "principal_org_id": null,
            "qualifier": "",
            "source_account": null,
            "source_arn": "arn:aws:s3:::ingested-data-vox-indicium",
            "statement_id": "AllowExecutionFromEventBridgeTrans",
            "statement_id_prefix": ""
          },
          "sensitive_attributes": [],
          "private": "bnVsbA==",
          "dependencies": [
            "aws_s3_bucket.ingested_data_bucket"
          ]
        }
      ]
    },
    {
      "mode": "managed",
      "type": "aws_lambda_permission",
      "name": "allow_warehouse_eventbridge",
      "provider": "provider[\"registry.terraform.io/hashicorp/aws\"]",
      "instances": [
        {
          "schema_version": 0,
          "attributes": {
            "action": "lambda:InvokeFunction",
            "event_source_token": null,
            "function_name": "parquet-to-data-warehouse",
            "function_url_auth_type": null,
            "id": "AllowExecutionFromEventBridgeLoad",
            "principal": "s3.amazonaws.com",
            "principal_org_id": null,
            "qualifier": "",
            "source_account": null,
            "source_arn": "arn:aws:s3:::processed-data-vox-indicium",
            "statement_id": "AllowExecutionFromEventBridgeLoad",
            "statement_id_prefix": ""
          },
          "sensitive_attributes": [],
          "private": "bnVsbA==",
          "dependencies": [
            "aws_s3_bucket.processed_data_bucket"
          ]
        }
      ]
    },
    {
      "mode": "managed",
      "type": "aws_s3_bucket",
      "name": "ingested_data_bucket",
      "provider": "provider[\"registry.terraform.io/hashicorp/aws\"]",
      "instances": [
        {
          "schema_version": 0,
          "attributes": {
            "acceleration_status": "",
            "acl": null,
            "arn": "arn:aws:s3:::ingested-data-vox-indicium",
            "bucket": "ingested-data-vox-indicium",
            "bucket_domain_name": "ingested-data-vox-indicium.s3.amazonaws.com",
            "bucket_prefix": "",
            "bucket_regional_domain_name": "ingested-data-vox-indicium.s3.eu-west-2.amazonaws.com",
            "cors_rule": [],
            "force_destroy": true,
            "grant": [
              {
                "id": "d82897c5b3aa6ac0ce6d4c8a36e255af21aed3d71d0ca89a78f655b10a279287",
                "permissions": [
                  "FULL_CONTROL"
                ],
                "type": "CanonicalUser",
                "uri": ""
              }
            ],
            "hosted_zone_id": "Z3GKZC51ZF0DB4",
            "id": "ingested-data-vox-indicium",
            "lifecycle_rule": [],
            "logging": [],
            "object_lock_configuration": [],
            "object_lock_enabled": false,
            "policy": "{\"Statement\":[{\"Action\":\"s3:*\",\"Effect\":\"Allow\",\"Principal\":{\"AWS\":\"arn:aws:iam::170940005209:root\"},\"Resource\":\"arn:aws:s3:::ingested-data-vox-indicium/*\"}],\"Version\":\"2012-10-17\"}",
            "region": "eu-west-2",
            "replication_configuration": [],
            "request_payer": "BucketOwner",
            "server_side_encryption_configuration": [
              {
                "rule": [
                  {
                    "apply_server_side_encryption_by_default": [
                      {
                        "kms_master_key_id": "",
                        "sse_algorithm": "AES256"
                      }
                    ],
                    "bucket_key_enabled": false
                  }
                ]
              }
            ],
            "tags": {},
            "tags_all": {},
            "timeouts": null,
            "versioning": [
              {
                "enabled": false,
                "mfa_delete": false
              }
            ],
            "website": [],
            "website_domain": null,
            "website_endpoint": null
          },
          "sensitive_attributes": [],
          "private": "eyJlMmJmYjczMC1lY2FhLTExZTYtOGY4OC0zNDM2M2JjN2M0YzAiOnsiY3JlYXRlIjoxMjAwMDAwMDAwMDAwLCJkZWxldGUiOjM2MDAwMDAwMDAwMDAsInJlYWQiOjEyMDAwMDAwMDAwMDAsInVwZGF0ZSI6MTIwMDAwMDAwMDAwMH19"
        }
      ]
    },
    {
      "mode": "managed",
      "type": "aws_s3_bucket",
      "name": "processed_data_bucket",
      "provider": "provider[\"registry.terraform.io/hashicorp/aws\"]",
      "instances": [
        {
          "schema_version": 0,
          "attributes": {
            "acceleration_status": "",
            "acl": null,
            "arn": "arn:aws:s3:::processed-data-vox-indicium",
            "bucket": "processed-data-vox-indicium",
            "bucket_domain_name": "processed-data-vox-indicium.s3.amazonaws.com",
            "bucket_prefix": "",
            "bucket_regional_domain_name": "processed-data-vox-indicium.s3.eu-west-2.amazonaws.com",
            "cors_rule": [],
            "force_destroy": true,
            "grant": [
              {
                "id": "d82897c5b3aa6ac0ce6d4c8a36e255af21aed3d71d0ca89a78f655b10a279287",
                "permissions": [
                  "FULL_CONTROL"
                ],
                "type": "CanonicalUser",
                "uri": ""
              }
            ],
            "hosted_zone_id": "Z3GKZC51ZF0DB4",
            "id": "processed-data-vox-indicium",
            "lifecycle_rule": [],
            "logging": [],
            "object_lock_configuration": [],
            "object_lock_enabled": false,
            "policy": "{\"Statement\":[{\"Action\":\"s3:*\",\"Effect\":\"Allow\",\"Principal\":{\"AWS\":\"arn:aws:iam::170940005209:root\"},\"Resource\":\"arn:aws:s3:::processed-data-vox-indicium/*\"}],\"Version\":\"2012-10-17\"}",
            "region": "eu-west-2",
            "replication_configuration": [],
            "request_payer": "BucketOwner",
            "server_side_encryption_configuration": [
              {
                "rule": [
                  {
                    "apply_server_side_encryption_by_default": [
                      {
                        "kms_master_key_id": "",
                        "sse_algorithm": "AES256"
                      }
                    ],
                    "bucket_key_enabled": false
                  }
                ]
              }
            ],
            "tags": {},
            "tags_all": {},
            "timeouts": null,
            "versioning": [
              {
                "enabled": false,
                "mfa_delete": false
              }
            ],
            "website": [],
            "website_domain": null,
            "website_endpoint": null
          },
          "sensitive_attributes": [],
          "private": "eyJlMmJmYjczMC1lY2FhLTExZTYtOGY4OC0zNDM2M2JjN2M0YzAiOnsiY3JlYXRlIjoxMjAwMDAwMDAwMDAwLCJkZWxldGUiOjM2MDAwMDAwMDAwMDAsInJlYWQiOjEyMDAwMDAwMDAwMDAsInVwZGF0ZSI6MTIwMDAwMDAwMDAwMH19"
        }
      ]
    },
    {
      "mode": "managed",
      "type": "aws_s3_bucket_notification",
      "name": "aws-lambda-trigger",
      "provider": "provider[\"registry.terraform.io/hashicorp/aws\"]",
      "instances": [
        {
          "schema_version": 0,
          "attributes": {
            "bucket": "ingested-data-vox-indicium",
            "eventbridge": false,
            "id": "ingested-data-vox-indicium",
            "lambda_function": [
              {
                "events": [
                  "s3:ObjectCreated:*"
                ],
                "filter_prefix": "",
                "filter_suffix": ".txt",
                "id": "tf-s3-lambda-20230807154316897000000001",
                "lambda_function_arn": "arn:aws:lambda:eu-west-2:170940005209:function:trans-to-star-schema"
              }
            ],
            "queue": [],
            "topic": []
          },
          "sensitive_attributes": [],
          "private": "bnVsbA==",
          "dependencies": [
            "aws_iam_role.iam_for_transformation_lambda",
            "aws_lambda_function.data_transform",
            "aws_lambda_layer_version.ccy_layer",
            "data.archive_file.transform_lambda",
            "data.aws_iam_policy_document.transformation_assume_role"
          ]
        }
      ]
    },
    {
      "mode": "managed",
      "type": "aws_s3_bucket_notification",
      "name": "aws-load-trigger",
      "provider": "provider[\"registry.terraform.io/hashicorp/aws\"]",
      "instances": [
        {
          "schema_version": 0,
          "attributes": {
            "bucket": "processed-data-vox-indicium",
            "eventbridge": false,
            "id": "processed-data-vox-indicium",
            "lambda_function": [
              {
                "events": [
                  "s3:ObjectCreated:*"
                ],
                "filter_prefix": "",
                "filter_suffix": ".txt",
                "id": "tf-s3-lambda-20230807155602652600000001",
                "lambda_function_arn": "arn:aws:lambda:eu-west-2:170940005209:function:parquet-to-data-warehouse"
              }
            ],
            "queue": [],
            "topic": []
          },
          "sensitive_attributes": [],
          "private": "bnVsbA==",
          "dependencies": [
            "aws_iam_role.iam_for_warehousing_lambda",
            "aws_lambda_function.data_warehouse",
            "aws_lambda_layer_version.psycopg2_lambda_layer",
            "data.archive_file.warehouse_lambda",
            "data.aws_iam_policy_document.loading_assume_role"
          ]
        }
      ]
    },
    {
      "mode": "managed",
      "type": "aws_s3_bucket_policy",
      "name": "ingested_data_policy",
      "provider": "provider[\"registry.terraform.io/hashicorp/aws\"]",
      "instances": [
        {
          "schema_version": 0,
          "attributes": {
            "bucket": "ingested-data-vox-indicium",
            "id": "ingested-data-vox-indicium",
            "policy": "{\"Statement\":[{\"Action\":[\"s3:*\"],\"Effect\":\"Allow\",\"Principal\":{\"AWS\":\"arn:aws:iam::170940005209:root\"},\"Resource\":\"arn:aws:s3:::ingested-data-vox-indicium/*\"}],\"Version\":\"2012-10-17\"}"
          },
          "sensitive_attributes": [],
          "private": "bnVsbA==",
          "dependencies": [
            "aws_s3_bucket.ingested_data_bucket"
          ]
        }
      ]
    },
    {
      "mode": "managed",
      "type": "aws_s3_bucket_policy",
      "name": "processed_data_policy",
      "provider": "provider[\"registry.terraform.io/hashicorp/aws\"]",
      "instances": [
        {
          "schema_version": 0,
          "attributes": {
            "bucket": "processed-data-vox-indicium",
            "id": "processed-data-vox-indicium",
            "policy": "{\"Statement\":[{\"Action\":[\"s3:*\"],\"Effect\":\"Allow\",\"Principal\":{\"AWS\":\"arn:aws:iam::170940005209:root\"},\"Resource\":\"arn:aws:s3:::processed-data-vox-indicium/*\"}],\"Version\":\"2012-10-17\"}"
          },
          "sensitive_attributes": [],
          "private": "bnVsbA==",
          "dependencies": [
            "aws_s3_bucket.processed_data_bucket"
          ]
        }
      ]
    },
    {
      "mode": "managed",
      "type": "aws_s3_object",
      "name": "timestamp_text",
      "provider": "provider[\"registry.terraform.io/hashicorp/aws\"]",
      "instances": [
        {
          "schema_version": 0,
          "attributes": {
            "acl": null,
            "bucket": "ingested-data-vox-indicium",
            "bucket_key_enabled": false,
            "cache_control": "",
            "content": null,
            "content_base64": null,
            "content_disposition": "",
            "content_encoding": "",
            "content_language": "",
            "content_type": "binary/octet-stream",
            "etag": "0f27670b673ef1b9e15ee60c44afc912",
            "force_destroy": false,
            "id": "postgres-datetime.txt",
            "key": "postgres-datetime.txt",
            "kms_key_id": null,
            "metadata": {},
            "object_lock_legal_hold_status": "",
            "object_lock_mode": "",
            "object_lock_retain_until_date": "",
            "server_side_encryption": "AES256",
            "source": "../deployment/ingestion_function/src/postgres-datetime.txt",
            "source_hash": null,
            "storage_class": "STANDARD",
            "tags": {},
            "tags_all": {},
            "version_id": "",
            "website_redirect": ""
          },
          "sensitive_attributes": [],
          "private": "bnVsbA==",
          "dependencies": [
            "aws_s3_bucket.ingested_data_bucket"
          ]
        }
      ]
    },
    {
      "mode": "managed",
      "type": "aws_sns_topic",
      "name": "email_topic",
      "provider": "provider[\"registry.terraform.io/hashicorp/aws\"]",
      "instances": [
        {
          "schema_version": 0,
          "attributes": {
            "application_failure_feedback_role_arn": "",
            "application_success_feedback_role_arn": "",
            "application_success_feedback_sample_rate": 0,
            "arn": "arn:aws:sns:eu-west-2:170940005209:email_alert_topic",
            "content_based_deduplication": false,
            "delivery_policy": "",
            "display_name": "",
            "fifo_topic": false,
            "firehose_failure_feedback_role_arn": "",
            "firehose_success_feedback_role_arn": "",
            "firehose_success_feedback_sample_rate": 0,
            "http_failure_feedback_role_arn": "",
            "http_success_feedback_role_arn": "",
            "http_success_feedback_sample_rate": 0,
            "id": "arn:aws:sns:eu-west-2:170940005209:email_alert_topic",
            "kms_master_key_id": "",
            "lambda_failure_feedback_role_arn": "",
            "lambda_success_feedback_role_arn": "",
            "lambda_success_feedback_sample_rate": 0,
            "name": "email_alert_topic",
            "name_prefix": "",
            "owner": "170940005209",
            "policy": "{\"Id\":\"__default_policy_ID\",\"Statement\":[{\"Action\":[\"SNS:GetTopicAttributes\",\"SNS:SetTopicAttributes\",\"SNS:AddPermission\",\"SNS:RemovePermission\",\"SNS:DeleteTopic\",\"SNS:Subscribe\",\"SNS:ListSubscriptionsByTopic\",\"SNS:Publish\"],\"Condition\":{\"StringEquals\":{\"AWS:SourceOwner\":\"170940005209\"}},\"Effect\":\"Allow\",\"Principal\":{\"AWS\":\"*\"},\"Resource\":\"arn:aws:sns:eu-west-2:170940005209:email_alert_topic\",\"Sid\":\"__default_statement_ID\"}],\"Version\":\"2008-10-17\"}",
            "signature_version": 0,
            "sqs_failure_feedback_role_arn": "",
            "sqs_success_feedback_role_arn": "",
            "sqs_success_feedback_sample_rate": 0,
            "tags": {},
            "tags_all": {},
            "tracing_config": ""
          },
          "sensitive_attributes": [],
          "private": "bnVsbA=="
        }
      ]
    },
    {
      "mode": "managed",
      "type": "aws_sns_topic_subscription",
      "name": "email_target",
      "provider": "provider[\"registry.terraform.io/hashicorp/aws\"]",
      "instances": [
        {
          "schema_version": 0,
          "attributes": {
            "arn": "arn:aws:sns:eu-west-2:170940005209:email_alert_topic:c192135a-b64d-4b64-9cea-4bfa002f1fe0",
            "confirmation_timeout_in_minutes": 1,
            "confirmation_was_authenticated": false,
            "delivery_policy": "",
            "endpoint": "sss@ggg.com",
            "endpoint_auto_confirms": false,
            "filter_policy": "",
            "filter_policy_scope": "",
            "id": "arn:aws:sns:eu-west-2:170940005209:email_alert_topic:c192135a-b64d-4b64-9cea-4bfa002f1fe0",
            "owner_id": "170940005209",
            "pending_confirmation": true,
            "protocol": "email",
            "raw_message_delivery": false,
            "redrive_policy": "",
            "subscription_role_arn": "",
            "topic_arn": "arn:aws:sns:eu-west-2:170940005209:email_alert_topic"
          },
          "sensitive_attributes": [],
          "private": "bnVsbA==",
          "dependencies": [
            "aws_sns_topic.email_topic"
          ]
        }
      ]
    }
  ],
  "check_results": null
}
